
Microsoft Visual Studio Solution File, Format Version 12.00
# Visual Studio Version 16
VisualStudioVersion = 16.0.30011.22
MinimumVisualStudioVersion = 10.0.40219.1
Project("{9A19103F-16F7-4668-BE54-9A1E7A4F7556}") = "SuppSim", "SuppSim\SuppSim.csproj", "{808CA98C-D07F-4FC2-BB69-5B1DB34501C4}"
EndProject
Global
	GlobalSection(SolutionConfigurationPlatforms) = preSolution
		Debug|Any CPU = Debug|Any CPU
		Release|Any CPU = Release|Any CPU
	EndGlobalSection
	GlobalSection(ProjectConfigurationPlatforms) = postSolution
		{808CA98C-D07F-4FC2-BB69-5B1DB34501C4}.Debug|Any CPU.ActiveCfg = Debug|Any CPU
		{808CA98C-D07F-4FC2-BB69-5B1DB34501C4}.Debug|Any CPU.Build.0 = Debug|Any CPU
		{808CA98C-D07F-4FC2-BB69-5B1DB34501C4}.Release|Any CPU.ActiveCfg = Release|Any CPU
		{808CA98C-D07F-4FC2-BB69-5B1DB34501C4}.Release|Any CPU.Build.0 = Release|Any CPU
	EndGlobalSection
	GlobalSection(SolutionProperties) = preSolution
		HideSolutionNode = FALSE
	EndGlobalSection
	GlobalSection(ExtensibilityGlobals) = postSolution
		SolutionGuid = {C1295626-2AE5-4857-8D6F-8510F7EED6A3}
	EndGlobalSection
EndGlobal
